
Microsoft Visual Studio Solution File, Format Version 12.00
# Visual Studio 15
VisualStudioVersion = 15.0.27004.2002
MinimumVisualStudioVersion = 10.0.40219.1
Project("{FAE04EC0-301F-11D3-BF4B-00C04F79EFBC}") = "Task_03", "Task_03\Task_03.csproj", "{089A4143-B413-4CE8-9B7F-4175EB916BDF}"
EndProject
Global
	GlobalSection(SolutionConfigurationPlatforms) = preSolution
		Debug|Any CPU = Debug|Any CPU
		Release|Any CPU = Release|Any CPU
	EndGlobalSection
	GlobalSection(ProjectConfigurationPlatforms) = postSolution
		{089A4143-B413-4CE8-9B7F-4175EB916BDF}.Debug|Any CPU.ActiveCfg = Debug|Any CPU
		{089A4143-B413-4CE8-9B7F-4175EB916BDF}.Debug|Any CPU.Build.0 = Debug|Any CPU
		{089A4143-B413-4CE8-9B7F-4175EB916BDF}.Release|Any CPU.ActiveCfg = Release|Any CPU
		{089A4143-B413-4CE8-9B7F-4175EB916BDF}.Release|Any CPU.Build.0 = Release|Any CPU
	EndGlobalSection
	GlobalSection(SolutionProperties) = preSolution
		HideSolutionNode = FALSE
	EndGlobalSection
	GlobalSection(ExtensibilityGlobals) = postSolution
		SolutionGuid = {9B977CB2-342C-4526-8BBB-96B3DCE8C0C7}
	EndGlobalSection
EndGlobal
